{
  "name": "admin2",
  "version": "0.0.0",
  "lockfileVersion": 1,
  "requires": true,
  "dependencies": {
    "@angular-devkit/core": {
      "version": "9.1.13",
      "resolved": "https://registry.npmjs.org/@angular-devkit/core/-/core-9.1.13.tgz",
      "integrity": "sha512-bwehVRsva9OWfh/yuEh9VU+0Gr1T7DHJLe8tpZk/VsIkGOD0IszEPZOIEK23bg32yiff9bh6qJEPMA7ZBYEQHg==",
      "requires": {
        "ajv": "6.12.3",
        "fast-json-stable-stringify": "2.1.0",
        "magic-string": "0.25.7",
        "rxjs": "6.5.4",
        "source-map": "0.7.3"
      },
      "dependencies": {
        "rxjs": {
          "version": "6.5.4",
          "resolved": "https://registry.npmjs.org/rxjs/-/rxjs-6.5.4.tgz",
          "integrity": "sha512-naMQXcgEo3csAEGvw/NydRA0fuS2nDZJiw1YUWFKU7aPPAPGZEsD4Iimit96qwCieH6y614MCLYwdkrWx7z/7Q==",
          "requires": {
            "tslib": "^1.9.0"
          }
        }
      }
    },
    "@angular-devkit/schematics": {
      "version": "9.1.13",
      "resolved": "https://registry.npmjs.org/@angular-devkit/schematics/-/schematics-9.1.13.tgz",
      "integrity": "sha512-DZBmfYE6xIfC6PDMvQpR8B31TtLWOmSeTQPnmSm9gj6OZpyqFqoGWOz/0l05FH6zC8HLthAAFJSEnPYyhzWDvg==",
      "requires": {
        "@angular-devkit/core": "9.1.13",
        "ora": "4.0.3",
        "rxjs": "6.5.4"
      },
      "dependencies": {
        "rxjs": {
          "version": "6.5.4",
          "resolved": "https://registry.npmjs.org/rxjs/-/rxjs-6.5.4.tgz",
          "integrity": "sha512-naMQXcgEo3csAEGvw/NydRA0fuS2nDZJiw1YUWFKU7aPPAPGZEsD4Iimit96qwCieH6y614MCLYwdkrWx7z/7Q==",
          "requires": {
            "tslib": "^1.9.0"
          }
        }
      }
    },
    "@angular/animations": {
      "version": "10.2.4",
      "resolved": "https://registry.npmjs.org/@angular/animations/-/animations-10.2.4.tgz",
      "integrity": "sha512-ovlfHxY1C6yH6SdfWIG1WqB77GHfuJ4i3jItvf0qFSvbOHG8OOzrSOR6EVRJYTnre4r4pQ3V8cDFy3igBlWXUw==",
      "requires": {
        "tslib": "^2.0.0"
      },
      "dependencies": {
        "tslib": {
          "version": "2.1.0",
          "resolved": "https://registry.npmjs.org/tslib/-/tslib-2.1.0.tgz",
          "integrity": "sha512-hcVC3wYEziELGGmEEXue7D75zbwIIVUMWAVbHItGPx0ziyXxrOMQx4rQEVEV45Ut/1IotuEvwqPopzIOkDMf0A=="
        }
      }
    },
    "@angular/common": {
      "version": "10.2.4",
      "resolved": "https://registry.npmjs.org/@angular/common/-/common-10.2.4.tgz",
      "integrity": "sha512-bBfsLJNDQaC2OI1mReDJuSZ/uBb7Pf3HVpRmlQKNIPllIxqX1hLH8I3Plodrns9m32JMJ6FMsQthcP0KMdRCJA==",
      "requires": {
        "tslib": "^2.0.0"
      },
      "dependencies": {
        "tslib": {
          "version": "2.1.0",
          "resolved": "https://registry.npmjs.org/tslib/-/tslib-2.1.0.tgz",
          "integrity": "sha512-hcVC3wYEziELGGmEEXue7D75zbwIIVUMWAVbHItGPx0ziyXxrOMQx4rQEVEV45Ut/1IotuEvwqPopzIOkDMf0A=="
        }
      }
    },
    "@angular/compiler": {
      "version": "10.2.4",
      "resolved": "https://registry.npmjs.org/@angular/compiler/-/compiler-10.2.4.tgz",
      "integrity": "sha512-xkpDQJt9047eT+HPEoJoJ7TVN+yXIFL0EcYP9pE+jG/f7H8re6Nwf2sBXa91dyCYBanXGMRbivbXIjqLGOfzbA==",
      "requires": {
        "tslib": "^2.0.0"
      },
      "dependencies": {
        "tslib": {
          "version": "2.1.0",
          "resolved": "https://registry.npmjs.org/tslib/-/tslib-2.1.0.tgz",
          "integrity": "sha512-hcVC3wYEziELGGmEEXue7D75zbwIIVUMWAVbHItGPx0ziyXxrOMQx4rQEVEV45Ut/1IotuEvwqPopzIOkDMf0A=="
        }
      }
    },
    "@angular/core": {
      "version": "10.2.4",
      "resolved": "https://registry.npmjs.org/@angular/core/-/core-10.2.4.tgz",
      "integrity": "sha512-5xpAvmZwD9nZ8eWx10urjibqEeePGEiFXVMEn3IaJWgfdOcMmeSoioW9JUllT3w85+DlNVWbRbhz0YfE9a4jyw==",
      "requires": {
        "tslib": "^2.0.0"
      },
      "dependencies": {
        "tslib": {
          "version": "2.1.0",
          "resolved": "https://registry.npmjs.org/tslib/-/tslib-2.1.0.tgz",
          "integrity": "sha512-hcVC3wYEziELGGmEEXue7D75zbwIIVUMWAVbHItGPx0ziyXxrOMQx4rQEVEV45Ut/1IotuEvwqPopzIOkDMf0A=="
        }
      }
    },
    "@angular/forms": {
      "version": "10.2.4",
      "resolved": "https://registry.npmjs.org/@angular/forms/-/forms-10.2.4.tgz",
      "integrity": "sha512-nrag/3+sjclH5mYqgM9UKzjotMGDCYBlPMqLt2Mj8rIxtAPRxfKmzAhxf4lRw3RTzMvOLM0rBRJagpi5glyLEw==",
      "requires": {
        "tslib": "^2.0.0"
      },
      "dependencies": {
        "tslib": {
          "version": "2.1.0",
          "resolved": "https://registry.npmjs.org/tslib/-/tslib-2.1.0.tgz",
          "integrity": "sha512-hcVC3wYEziELGGmEEXue7D75zbwIIVUMWAVbHItGPx0ziyXxrOMQx4rQEVEV45Ut/1IotuEvwqPopzIOkDMf0A=="
        }
      }
    },
    "@angular/localize": {
      "version": "10.2.4",
      "resolved": "https://registry.npmjs.org/@angular/localize/-/localize-10.2.4.tgz",
      "integrity": "sha512-vpmRM6XFK7ZD5wkc6h3fWFw3+6HOQQiV5iXcUQT4x9i18ktEHCRi85KsfJQovS8ggBivvTvykyXKMj8mP9guOQ==",
      "requires": {
        "@babel/core": "7.8.3",
        "glob": "7.1.2",
        "yargs": "^16.1.1"
      }
    },
    "@angular/platform-browser": {
      "version": "10.2.4",
      "resolved": "https://registry.npmjs.org/@angular/platform-browser/-/platform-browser-10.2.4.tgz",
      "integrity": "sha512-gYewLxoTnxOxX3XXK959YiDaw8CEnksKIbK6RYuofIcB8dTL9AlS9/l22xdGifTXTkFjs8noO6i/WT5hCt49Ww==",
      "requires": {
        "tslib": "^2.0.0"
      },
      "dependencies": {
        "tslib": {
          "version": "2.1.0",
          "resolved": "https://registry.npmjs.org/tslib/-/tslib-2.1.0.tgz",
          "integrity": "sha512-hcVC3wYEziELGGmEEXue7D75zbwIIVUMWAVbHItGPx0ziyXxrOMQx4rQEVEV45Ut/1IotuEvwqPopzIOkDMf0A=="
        }
      }
    },
    "@angular/platform-browser-dynamic": {
      "version": "10.2.4",
      "resolved": "https://registry.npmjs.org/@angular/platform-browser-dynamic/-/platform-browser-dynamic-10.2.4.tgz",
      "integrity": "sha512-+oON9ujv9EOC3yJVgnV/vy3262dpMKBFlQ+dHcr5rfk2WpsnyJ26R+Nhkaug9FEdmSo9w+GqowF5bodrtTOTlA==",
      "requires": {
        "tslib": "^2.0.0"
      },
      "dependencies": {
        "tslib": {
          "version": "2.1.0",
          "resolved": "https://registry.npmjs.org/tslib/-/tslib-2.1.0.tgz",
          "integrity": "sha512-hcVC3wYEziELGGmEEXue7D75zbwIIVUMWAVbHItGPx0ziyXxrOMQx4rQEVEV45Ut/1IotuEvwqPopzIOkDMf0A=="
        }
      }
    },
    "@angular/router": {
      "version": "10.2.4",
      "resolved": "https://registry.npmjs.org/@angular/router/-/router-10.2.4.tgz",
      "integrity": "sha512-y3xMwZHWS84fbm3FoU8vTAeXaTuPd4ZfmZ3dhkG9c1tkVq/jCmc6pkqNxjv3L1iPenKrvt2bFhh+wCs+bcUPhw==",
      "requires": {
        "tslib": "^2.0.0"
      },
      "dependencies": {
        "tslib": {
          "version": "2.1.0",
          "resolved": "https://registry.npmjs.org/tslib/-/tslib-2.1.0.tgz",
          "integrity": "sha512-hcVC3wYEziELGGmEEXue7D75zbwIIVUMWAVbHItGPx0ziyXxrOMQx4rQEVEV45Ut/1IotuEvwqPopzIOkDMf0A=="
        }
      }
    },
    "@babel/code-frame": {
      "version": "7.12.11",
      "resolved": "https://registry.npmjs.org/@babel/code-frame/-/code-frame-7.12.11.tgz",
      "integrity": "sha512-Zt1yodBx1UcyiePMSkWnU4hPqhwq7hGi2nFL1LeA3EUl+q2LQx16MISgJ0+z7dnmgvP9QtIleuETGOiOH1RcIw==",
      "requires": {
        "@babel/highlight": "^7.10.4"
      }
    },
    "@babel/core": {
      "version": "7.8.3",
      "resolved": "https://registry.npmjs.org/@babel/core/-/core-7.8.3.tgz",
      "integrity": "sha512-4XFkf8AwyrEG7Ziu3L2L0Cv+WyY47Tcsp70JFmpftbAA1K7YL/sgE9jh9HyNj08Y/U50ItUchpN0w6HxAoX1rA==",
      "requires": {
        "@babel/code-frame": "^7.8.3",
        "@babel/generator": "^7.8.3",
        "@babel/helpers": "^7.8.3",
        "@babel/parser": "^7.8.3",
        "@babel/template": "^7.8.3",
        "@babel/traverse": "^7.8.3",
        "@babel/types": "^7.8.3",
        "convert-source-map": "^1.7.0",
        "debug": "^4.1.0",
        "gensync": "^1.0.0-beta.1",
        "json5": "^2.1.0",
        "lodash": "^4.17.13",
        "resolve": "^1.3.2",
        "semver": "^5.4.1",
        "source-map": "^0.5.0"
      },
      "dependencies": {
        "source-map": {
          "version": "0.5.7",
          "resolved": "https://registry.npmjs.org/source-map/-/source-map-0.5.7.tgz",
          "integrity": "sha1-igOdLRAh0i0eoUyA2OpGi6LvP8w="
        }
      }
    },
    "@babel/generator": {
      "version": "7.12.11",
      "resolved": "https://registry.npmjs.org/@babel/generator/-/generator-7.12.11.tgz",
      "integrity": "sha512-Ggg6WPOJtSi8yYQvLVjG8F/TlpWDlKx0OpS4Kt+xMQPs5OaGYWy+v1A+1TvxI6sAMGZpKWWoAQ1DaeQbImlItA==",
      "requires": {
        "@babel/types": "^7.12.11",
        "jsesc": "^2.5.1",
        "source-map": "^0.5.0"
      },
      "dependencies": {
        "source-map": {
          "version": "0.5.7",
          "resolved": "https://registry.npmjs.org/source-map/-/source-map-0.5.7.tgz",
          "integrity": "sha1-igOdLRAh0i0eoUyA2OpGi6LvP8w="
        }
      }
    },
    "@babel/helper-function-name": {
      "version": "7.12.11",
      "resolved": "https://registry.npmjs.org/@babel/helper-function-name/-/helper-function-name-7.12.11.tgz",
      "integrity": "sha512-AtQKjtYNolKNi6nNNVLQ27CP6D9oFR6bq/HPYSizlzbp7uC1M59XJe8L+0uXjbIaZaUJF99ruHqVGiKXU/7ybA==",
      "requires": {
        "@babel/helper-get-function-arity": "^7.12.10",
        "@babel/template": "^7.12.7",
        "@babel/types": "^7.12.11"
      }
    },
    "@babel/helper-get-function-arity": {
      "version": "7.12.10",
      "resolved": "https://registry.npmjs.org/@babel/helper-get-function-arity/-/helper-get-function-arity-7.12.10.tgz",
      "integrity": "sha512-mm0n5BPjR06wh9mPQaDdXWDoll/j5UpCAPl1x8fS71GHm7HA6Ua2V4ylG1Ju8lvcTOietbPNNPaSilKj+pj+Ag==",
      "requires": {
        "@babel/types": "^7.12.10"
      }
    },
    "@babel/helper-split-export-declaration": {
      "version": "7.12.11",
      "resolved": "https://registry.npmjs.org/@babel/helper-split-export-declaration/-/helper-split-export-declaration-7.12.11.tgz",
      "integrity": "sha512-LsIVN8j48gHgwzfocYUSkO/hjYAOJqlpJEc7tGXcIm4cubjVUf8LGW6eWRyxEu7gA25q02p0rQUWoCI33HNS5g==",
      "requires": {
        "@babel/types": "^7.12.11"
      }
    },
    "@babel/helper-validator-identifier": {
      "version": "7.12.11",
      "resolved": "https://registry.npmjs.org/@babel/helper-validator-identifier/-/helper-validator-identifier-7.12.11.tgz",
      "integrity": "sha512-np/lG3uARFybkoHokJUmf1QfEvRVCPbmQeUQpKow5cQ3xWrV9i3rUHodKDJPQfTVX61qKi+UdYk8kik84n7XOw=="
    },
    "@babel/helpers": {
      "version": "7.12.5",
      "resolved": "https://registry.npmjs.org/@babel/helpers/-/helpers-7.12.5.tgz",
      "integrity": "sha512-lgKGMQlKqA8meJqKsW6rUnc4MdUk35Ln0ATDqdM1a/UpARODdI4j5Y5lVfUScnSNkJcdCRAaWkspykNoFg9sJA==",
      "requires": {
        "@babel/template": "^7.10.4",
        "@babel/traverse": "^7.12.5",
        "@babel/types": "^7.12.5"
      }
    },
    "@babel/highlight": {
      "version": "7.10.4",
      "resolved": "https://registry.npmjs.org/@babel/highlight/-/highlight-7.10.4.tgz",
      "integrity": "sha512-i6rgnR/YgPEQzZZnbTHHuZdlE8qyoBNalD6F+q4vAFlcMEcqmkoG+mPqJYJCo63qPf74+Y1UZsl3l6f7/RIkmA==",
      "requires": {
        "@babel/helper-validator-identifier": "^7.10.4",
        "chalk": "^2.0.0",
        "js-tokens": "^4.0.0"
      },
      "dependencies": {
        "ansi-styles": {
          "version": "3.2.1",
          "resolved": "https://registry.npmjs.org/ansi-styles/-/ansi-styles-3.2.1.tgz",
          "integrity": "sha512-VT0ZI6kZRdTh8YyJw3SMbYm/u+NqfsAxEpWO0Pf9sq8/e94WxxOpPKx9FR1FlyCtOVDNOQ+8ntlqFxiRc+r5qA==",
          "requires": {
            "color-convert": "^1.9.0"
          }
        },
        "chalk": {
          "version": "2.4.2",
          "resolved": "https://registry.npmjs.org/chalk/-/chalk-2.4.2.tgz",
          "integrity": "sha512-Mti+f9lpJNcwF4tWV8/OrTTtF1gZi+f8FqlyAdouralcFWFQWF2+NgCHShjkCb+IFBLq9buZwE1xckQU4peSuQ==",
          "requires": {
            "ansi-styles": "^3.2.1",
            "escape-string-regexp": "^1.0.5",
            "supports-color": "^5.3.0"
          }
        },
        "color-convert": {
          "version": "1.9.3",
          "resolved": "https://registry.npmjs.org/color-convert/-/color-convert-1.9.3.tgz",
          "integrity": "sha512-QfAUtd+vFdAtFQcC8CCyYt1fYWxSqAiK2cSD6zDB8N3cpsEBAvRxp9zOGg6G/SHHJYAT88/az/IuDGALsNVbGg==",
          "requires": {
            "color-name": "1.1.3"
          }
        },
        "color-name": {
          "version": "1.1.3",
          "resolved": "https://registry.npmjs.org/color-name/-/color-name-1.1.3.tgz",
          "integrity": "sha1-p9BVi9icQveV3UIyj3QIMcpTvCU="
        },
        "has-flag": {
          "version": "3.0.0",
          "resolved": "https://registry.npmjs.org/has-flag/-/has-flag-3.0.0.tgz",
          "integrity": "sha1-tdRU3CGZriJWmfNGfloH87lVuv0="
        },
        "supports-color": {
          "version": "5.5.0",
          "resolved": "https://registry.npmjs.org/supports-color/-/supports-color-5.5.0.tgz",
          "integrity": "sha512-QjVjwdXIt408MIiAqCX4oUKsgU2EqAGzs2Ppkm4aQYbjm+ZEWEcW4SfFNTr4uMNZma0ey4f5lgLrkB0aX0QMow==",
          "requires": {
            "has-flag": "^3.0.0"
          }
        }
      }
    },
    "@babel/parser": {
      "version": "7.12.11",
      "resolved": "https://registry.npmjs.org/@babel/parser/-/parser-7.12.11.tgz",
      "integrity": "sha512-N3UxG+uuF4CMYoNj8AhnbAcJF0PiuJ9KHuy1lQmkYsxTer/MAH9UBNHsBoAX/4s6NvlDD047No8mYVGGzLL4hg=="
    },
    "@babel/template": {
      "version": "7.12.7",
      "resolved": "https://registry.npmjs.org/@babel/template/-/template-7.12.7.tgz",
      "integrity": "sha512-GkDzmHS6GV7ZeXfJZ0tLRBhZcMcY0/Lnb+eEbXDBfCAcZCjrZKe6p3J4we/D24O9Y8enxWAg1cWwof59yLh2ow==",
      "requires": {
        "@babel/code-frame": "^7.10.4",
        "@babel/parser": "^7.12.7",
        "@babel/types": "^7.12.7"
      }
    },
    "@babel/traverse": {
      "version": "7.12.12",
      "resolved": "https://registry.npmjs.org/@babel/traverse/-/traverse-7.12.12.tgz",
      "integrity": "sha512-s88i0X0lPy45RrLM8b9mz8RPH5FqO9G9p7ti59cToE44xFm1Q+Pjh5Gq4SXBbtb88X7Uy7pexeqRIQDDMNkL0w==",
      "requires": {
        "@babel/code-frame": "^7.12.11",
        "@babel/generator": "^7.12.11",
        "@babel/helper-function-name": "^7.12.11",
        "@babel/helper-split-export-declaration": "^7.12.11",
        "@babel/parser": "^7.12.11",
        "@babel/types": "^7.12.12",
        "debug": "^4.1.0",
        "globals": "^11.1.0",
        "lodash": "^4.17.19"
      }
    },
    "@babel/types": {
      "version": "7.12.12",
      "resolved": "https://registry.npmjs.org/@babel/types/-/types-7.12.12.tgz",
      "integrity": "sha512-lnIX7piTxOH22xE7fDXDbSHg9MM1/6ORnafpJmov5rs0kX5g4BZxeXNJLXsMRiO0U5Rb8/FvMS6xlTnTHvxonQ==",
      "requires": {
        "@babel/helper-validator-identifier": "^7.12.11",
        "lodash": "^4.17.19",
        "to-fast-properties": "^2.0.0"
      }
    },
    "@circlon/angular-tree-component": {
      "version": "10.0.2",
      "resolved": "https://registry.npmjs.org/@circlon/angular-tree-component/-/angular-tree-component-10.0.2.tgz",
      "integrity": "sha512-N8KyIQ89fGEO8OKYYgFtY/PbPhHqs4DK5kNPmpJt4KPssvQMF1gP6m+RGVDKlDVH933aOPsrHQax87Fk6dI8gA==",
      "requires": {
        "lodash-es": "^4.17.20",
        "mobx": "~4.14.1",
        "tslib": "^2.0.0"
      },
      "dependencies": {
        "tslib": {
          "version": "2.1.0",
          "resolved": "https://registry.npmjs.org/tslib/-/tslib-2.1.0.tgz",
          "integrity": "sha512-hcVC3wYEziELGGmEEXue7D75zbwIIVUMWAVbHItGPx0ziyXxrOMQx4rQEVEV45Ut/1IotuEvwqPopzIOkDMf0A=="
        }
      }
    },
    "@mdi/font": {
      "version": "5.9.55",
      "resolved": "https://registry.npmjs.org/@mdi/font/-/font-5.9.55.tgz",
      "integrity": "sha512-jswRF6q3eq8NWpWiqct6q+6Fg/I7nUhrxYJfiEM8JJpap0wVJLQdbKtyS65GdlK7S7Ytnx3TTi/bmw+tBhkGmg=="
    },
    "@ng-bootstrap/ng-bootstrap": {
      "version": "7.0.0",
      "resolved": "https://registry.npmjs.org/@ng-bootstrap/ng-bootstrap/-/ng-bootstrap-7.0.0.tgz",
      "integrity": "sha512-SxUaptGWJmCxM0d2Zy1mx7K7p/YBwGZ69NmmBQVY4BE6p5av0hWrVmv9rzzfBz0rhxU7RPZLor2Jpaoq8Xyl4w==",
      "requires": {
        "tslib": "^2.0.0"
      },
      "dependencies": {
        "tslib": {
          "version": "2.1.0",
          "resolved": "https://registry.npmjs.org/tslib/-/tslib-2.1.0.tgz",
          "integrity": "sha512-hcVC3wYEziELGGmEEXue7D75zbwIIVUMWAVbHItGPx0ziyXxrOMQx4rQEVEV45Ut/1IotuEvwqPopzIOkDMf0A=="
        }
      }
    },
    "@ngx-formly/bootstrap": {
      "version": "5.10.11",
      "resolved": "https://registry.npmjs.org/@ngx-formly/bootstrap/-/bootstrap-5.10.11.tgz",
      "integrity": "sha512-BOhf7lxiqMR5RGG+RUOf7EVZS7M5h+vQ5rcjpMFlcwe+jdYcoCqGH7NzUB+0/l6SXeDVvNMRndEVs2ObLSpHTg==",
      "requires": {
        "tslib": "^1.9.0"
      }
    },
    "@ngx-formly/core": {
      "version": "5.10.11",
      "resolved": "https://registry.npmjs.org/@ngx-formly/core/-/core-5.10.11.tgz",
      "integrity": "sha512-vi+UZC+eSnPQjwyMfZs42Zl8TucAedtpNC5YV44AknFNvdPqWU/ZXGi1zVXWWAcSS/0sIbfFyUrSlW++zW/b6A==",
      "requires": {
        "tslib": "^1.7.1"
      }
    },
    "@ngx-formly/schematics": {
      "version": "5.10.11",
      "resolved": "https://registry.npmjs.org/@ngx-formly/schematics/-/schematics-5.10.11.tgz",
      "integrity": "sha512-DblYb7gHf9yje3jROhNvA7OtXPAgnjM6MQqoI2NWZOELPaXGXW7FYUY5wvcBHAsQHO6yiBP7Ga77epHyHvrcqQ==",
      "requires": {
        "@angular-devkit/core": ">=7.0.0",
        "@angular-devkit/schematics": ">=7.0.0",
        "@schematics/angular": ">=7.0.0"
      }
    },
    "@ngx-pwa/local-storage": {
      "version": "10.1.0",
      "resolved": "https://registry.npmjs.org/@ngx-pwa/local-storage/-/local-storage-10.1.0.tgz",
      "integrity": "sha512-dEEgPaOoWth3sJJIHSMa1uvljIdZIpd2f4lf6/vD9zbMNuBSvn96/8vallUCDuCZ2Hd/XuNkHJKVA84/lA4VMg==",
      "requires": {
        "tslib": "^2.0.0"
      },
      "dependencies": {
        "tslib": {
          "version": "2.1.0",
          "resolved": "https://registry.npmjs.org/tslib/-/tslib-2.1.0.tgz",
          "integrity": "sha512-hcVC3wYEziELGGmEEXue7D75zbwIIVUMWAVbHItGPx0ziyXxrOMQx4rQEVEV45Ut/1IotuEvwqPopzIOkDMf0A=="
        }
      }
    },
    "@schematics/angular": {
      "version": "9.1.13",
      "resolved": "https://registry.npmjs.org/@schematics/angular/-/angular-9.1.13.tgz",
      "integrity": "sha512-coHvhu2jXVCN3P5Ux5ArDousMWDq4W6eInJPBpAI6yidRW1ViPVF58Bas/+Txcbhubv2cZViBXGq0OAGdJIvTQ==",
      "requires": {
        "@angular-devkit/core": "9.1.13",
        "@angular-devkit/schematics": "9.1.13"
      }
    },
    "@swimlane/ngx-datatable": {
      "version": "17.1.0",
      "resolved": "https://registry.npmjs.org/@swimlane/ngx-datatable/-/ngx-datatable-17.1.0.tgz",
      "integrity": "sha512-zYUS7uNO9OJ5UQZFuuTRjlPu6vdKA+FHYLfeEs7PgSuUiDCcbl2SWoUdS/3zIoWn/qQyws767ueWiAvvWUbpEw=="
    },
    "@tinymce/tinymce-angular": {
      "version": "4.2.0",
      "resolved": "https://registry.npmjs.org/@tinymce/tinymce-angular/-/tinymce-angular-4.2.0.tgz",
      "integrity": "sha512-/idOKItFVUvxilCrTi36x6MI7r/4YuSr77fkg4efPSu7t2u1SADIfLTSF1K1RB+3ZUvy8zWB2v5kqbgD4FchNQ==",
      "requires": {
        "tslib": "^1.10.0"
      }
    },
    "@types/underscore": {
      "version": "1.10.24",
      "resolved": "https://registry.npmjs.org/@types/underscore/-/underscore-1.10.24.tgz",
      "integrity": "sha512-T3NQD8hXNW2sRsSbLNjF/aBo18MyJlbw0lSpQHB/eZZtScPdexN4HSa8cByYwTw9Wy7KuOFr81mlDQcQQaZ79w=="
    },
    "ajv": {
      "version": "6.12.3",
      "resolved": "https://registry.npmjs.org/ajv/-/ajv-6.12.3.tgz",
      "integrity": "sha512-4K0cK3L1hsqk9xIb2z9vs/XU+PGJZ9PNpJRDS9YLzmNdX6jmVPfamLvTJr0aDAusnHyCHO6MjzlkAsgtqp9teA==",
      "requires": {
        "fast-deep-equal": "^3.1.1",
        "fast-json-stable-stringify": "^2.0.0",
        "json-schema-traverse": "^0.4.1",
        "uri-js": "^4.2.2"
      }
    },
    "angular-file": {
      "version": "3.4.0",
      "resolved": "https://registry.npmjs.org/angular-file/-/angular-file-3.4.0.tgz",
      "integrity": "sha512-MaqwYB7CABOMt882c8MHxqgsubtdt9LolNTLSzxXPFIfczdyMowvLuwpUjY0ZNGX7Bhq9bvS96pgqGGJ6NCKaQ==",
      "requires": {
        "tslib": "^2.0.0"
      },
      "dependencies": {
        "tslib": {
          "version": "2.1.0",
          "resolved": "https://registry.npmjs.org/tslib/-/tslib-2.1.0.tgz",
          "integrity": "sha512-hcVC3wYEziELGGmEEXue7D75zbwIIVUMWAVbHItGPx0ziyXxrOMQx4rQEVEV45Ut/1IotuEvwqPopzIOkDMf0A=="
        }
      }
    },
    "ansi-regex": {
      "version": "5.0.0",
      "resolved": "https://registry.npmjs.org/ansi-regex/-/ansi-regex-5.0.0.tgz",
      "integrity": "sha512-bY6fj56OUQ0hU1KjFNDQuJFezqKdrAyFdIevADiqrWHwSlbmBNMHp5ak2f40Pm8JTFyM2mqxkG6ngkHO11f/lg=="
    },
    "ansi-styles": {
      "version": "4.3.0",
      "resolved": "https://registry.npmjs.org/ansi-styles/-/ansi-styles-4.3.0.tgz",
      "integrity": "sha512-zbB9rCJAT1rbjiVDb2hqKFHNYLxgtk8NURxZ3IZwD3F6NtxbXZQCnnSi1Lkx+IDohdPlFp222wVALIheZJQSEg==",
      "requires": {
        "color-convert": "^2.0.1"
      }
    },
    "balanced-match": {
      "version": "1.0.0",
      "resolved": "https://registry.npmjs.org/balanced-match/-/balanced-match-1.0.0.tgz",
      "integrity": "sha1-ibTRmasr7kneFk6gK4nORi1xt2c="
    },
    "blueimp-md5": {
      "version": "2.18.0",
      "resolved": "https://registry.npmjs.org/blueimp-md5/-/blueimp-md5-2.18.0.tgz",
      "integrity": "sha512-vE52okJvzsVWhcgUHOv+69OG3Mdg151xyn41aVQN/5W5S+S43qZhxECtYLAEHMSFWX6Mv5IZrzj3T5+JqXfj5Q=="
    },
    "bootstrap": {
      "version": "4.6.0",
      "resolved": "https://registry.npmjs.org/bootstrap/-/bootstrap-4.6.0.tgz",
      "integrity": "sha512-Io55IuQY3kydzHtbGvQya3H+KorS/M9rSNyfCGCg9WZ4pyT/lCxIlpJgG1GXW/PswzC84Tr2fBYi+7+jFVQQBw=="
    },
    "brace-expansion": {
      "version": "1.1.11",
      "resolved": "https://registry.npmjs.org/brace-expansion/-/brace-expansion-1.1.11.tgz",
      "integrity": "sha512-iCuPHDFgrHX7H2vEI/5xpz07zSHB00TpugqhmYtVmMO6518mCuRMoOYFldEBl0g187ufozdaHgWKcYFb61qGiA==",
      "requires": {
        "balanced-match": "^1.0.0",
        "concat-map": "0.0.1"
      }
    },
    "chalk": {
      "version": "3.0.0",
      "resolved": "https://registry.npmjs.org/chalk/-/chalk-3.0.0.tgz",
      "integrity": "sha512-4D3B6Wf41KOYRFdszmDqMCGq5VV/uMAB273JILmO+3jAlh8X4qDtdtgCR3fxtbLEMzSx22QdhnDcJvu2u1fVwg==",
      "requires": {
        "ansi-styles": "^4.1.0",
        "supports-color": "^7.1.0"
      }
    },
    "cli-cursor": {
      "version": "3.1.0",
      "resolved": "https://registry.npmjs.org/cli-cursor/-/cli-cursor-3.1.0.tgz",
      "integrity": "sha512-I/zHAwsKf9FqGoXM4WWRACob9+SNukZTd94DWF57E4toouRulbCxcUh6RKUEOQlYTHJnzkPMySvPNaaSLNfLZw==",
      "requires": {
        "restore-cursor": "^3.1.0"
      }
    },
    "cli-spinners": {
      "version": "2.5.0",
      "resolved": "https://registry.npmjs.org/cli-spinners/-/cli-spinners-2.5.0.tgz",
      "integrity": "sha512-PC+AmIuK04E6aeSs/pUccSujsTzBhu4HzC2dL+CfJB/Jcc2qTRbEwZQDfIUpt2Xl8BodYBEq8w4fc0kU2I9DjQ=="
    },
    "cliui": {
      "version": "7.0.4",
      "resolved": "https://registry.npmjs.org/cliui/-/cliui-7.0.4.tgz",
      "integrity": "sha512-OcRE68cOsVMXp1Yvonl/fzkQOyjLSu/8bhPDfQt0e0/Eb283TKP20Fs2MqoPsr9SwA595rRCA+QMzYc9nBP+JQ==",
      "requires": {
        "string-width": "^4.2.0",
        "strip-ansi": "^6.0.0",
        "wrap-ansi": "^7.0.0"
      }
    },
    "clone": {
      "version": "1.0.4",
      "resolved": "https://registry.npmjs.org/clone/-/clone-1.0.4.tgz",
      "integrity": "sha1-2jCcwmPfFZlMaIypAheco8fNfH4="
    },
    "color-convert": {
      "version": "2.0.1",
      "resolved": "https://registry.npmjs.org/color-convert/-/color-convert-2.0.1.tgz",
      "integrity": "sha512-RRECPsj7iu/xb5oKYcsFHSppFNnsj/52OVTRKb4zP5onXwVF3zVmmToNcOfGC+CRDpfK/U584fMg38ZHCaElKQ==",
      "requires": {
        "color-name": "~1.1.4"
      }
    },
    "color-name": {
      "version": "1.1.4",
      "resolved": "https://registry.npmjs.org/color-name/-/color-name-1.1.4.tgz",
      "integrity": "sha512-dOy+3AuW3a2wNbZHIuMZpTcgjGuLU/uBL/ubcZF9OXbDo8ff4O8yVp5Bf0efS8uEoYo5q4Fx7dY9OgQGXgAsQA=="
    },
    "compass-mixins": {
      "version": "0.12.10",
      "resolved": "https://registry.npmjs.org/compass-mixins/-/compass-mixins-0.12.10.tgz",
      "integrity": "sha1-zZ8V+CnE6WDMQ7sibwSbKL65nUE="
    },
    "concat-map": {
      "version": "0.0.1",
      "resolved": "https://registry.npmjs.org/concat-map/-/concat-map-0.0.1.tgz",
      "integrity": "sha1-2Klr13/Wjfd5OnMDajug1UBdR3s="
    },
    "convert-source-map": {
      "version": "1.7.0",
      "resolved": "https://registry.npmjs.org/convert-source-map/-/convert-source-map-1.7.0.tgz",
      "integrity": "sha512-4FJkXzKXEDB1snCFZlLP4gpC3JILicCpGbzG9f9G7tGqGCzETQ2hWPrcinA9oU4wtf2biUaEH5065UnMeR33oA==",
      "requires": {
        "safe-buffer": "~5.1.1"
      }
    },
    "debug": {
      "version": "4.3.1",
      "resolved": "https://registry.npmjs.org/debug/-/debug-4.3.1.tgz",
      "integrity": "sha512-doEwdvm4PCeK4K3RQN2ZC2BYUBaxwLARCqZmMjtF8a51J2Rb0xpVloFRnCODwqjpwnAoao4pelN8l3RJdv3gRQ==",
      "requires": {
        "ms": "2.1.2"
      }
    },
    "defaults": {
      "version": "1.0.3",
      "resolved": "https://registry.npmjs.org/defaults/-/defaults-1.0.3.tgz",
      "integrity": "sha1-xlYFHpgX2f8I7YgUd/P+QBnz730=",
      "requires": {
        "clone": "^1.0.2"
      }
    },
    "emoji-regex": {
      "version": "8.0.0",
      "resolved": "https://registry.npmjs.org/emoji-regex/-/emoji-regex-8.0.0.tgz",
      "integrity": "sha512-MSjYzcWNOA0ewAHpz0MxpYFvwg6yjy1NG3xteoqz644VCo/RPgnr1/GGt+ic3iJTzQ8Eu3TdM14SawnVUmGE6A=="
    },
    "escalade": {
      "version": "3.1.1",
      "resolved": "https://registry.npmjs.org/escalade/-/escalade-3.1.1.tgz",
      "integrity": "sha512-k0er2gUkLf8O0zKJiAhmkTnJlTvINGv7ygDNPbeIsX/TJjGJZHuh9B2UxbsaEkmlEo9MfhrSzmhIlhRlI2GXnw=="
    },
    "escape-string-regexp": {
      "version": "1.0.5",
      "resolved": "https://registry.npmjs.org/escape-string-regexp/-/escape-string-regexp-1.0.5.tgz",
      "integrity": "sha1-G2HAViGQqN/2rjuyzwIAyhMLhtQ="
    },
    "fast-deep-equal": {
      "version": "3.1.3",
      "resolved": "https://registry.npmjs.org/fast-deep-equal/-/fast-deep-equal-3.1.3.tgz",
      "integrity": "sha512-f3qQ9oQy9j2AhBe/H9VC91wLmKBCCU/gDOnKNAYG5hswO7BLKj09Hc5HYNz9cGI++xlpDCIgDaitVs03ATR84Q=="
    },
    "fast-json-stable-stringify": {
      "version": "2.1.0",
      "resolved": "https://registry.npmjs.org/fast-json-stable-stringify/-/fast-json-stable-stringify-2.1.0.tgz",
      "integrity": "sha512-lhd/wF+Lk98HZoTCtlVraHtfh5XYijIjalXck7saUtuanSDyLMxnHhSXEDJqHxD7msR8D0uCmqlkwjCV8xvwHw=="
    },
    "fs.realpath": {
      "version": "1.0.0",
      "resolved": "https://registry.npmjs.org/fs.realpath/-/fs.realpath-1.0.0.tgz",
      "integrity": "sha1-FQStJSMVjKpA20onh8sBQRmU6k8="
    },
    "function-bind": {
      "version": "1.1.1",
      "resolved": "https://registry.npmjs.org/function-bind/-/function-bind-1.1.1.tgz",
      "integrity": "sha512-yIovAzMX49sF8Yl58fSCWJ5svSLuaibPxXQJFLmBObTuCr0Mf1KiPopGM9NiFjiYBCbfaa2Fh6breQ6ANVTI0A=="
    },
    "gensync": {
      "version": "1.0.0-beta.2",
      "resolved": "https://registry.npmjs.org/gensync/-/gensync-1.0.0-beta.2.tgz",
      "integrity": "sha512-3hN7NaskYvMDLQY55gnW3NQ+mesEAepTqlg+VEbj7zzqEMBVNhzcGYYeqFo/TlYz6eQiFcp1HcsCZO+nGgS8zg=="
    },
    "get-caller-file": {
      "version": "2.0.5",
      "resolved": "https://registry.npmjs.org/get-caller-file/-/get-caller-file-2.0.5.tgz",
      "integrity": "sha512-DyFP3BM/3YHTQOCUL/w0OZHR0lpKeGrxotcHWcqNEdnltqFwXVfhEBQ94eIo34AfQpo0rGki4cyIiftY06h2Fg=="
    },
    "glob": {
      "version": "7.1.2",
      "resolved": "https://registry.npmjs.org/glob/-/glob-7.1.2.tgz",
      "integrity": "sha512-MJTUg1kjuLeQCJ+ccE4Vpa6kKVXkPYJ2mOCQyUuKLcLQsdrMCpBPUi8qVE6+YuaJkozeA9NusTAw3hLr8Xe5EQ==",
      "requires": {
        "fs.realpath": "^1.0.0",
        "inflight": "^1.0.4",
        "inherits": "2",
        "minimatch": "^3.0.4",
        "once": "^1.3.0",
        "path-is-absolute": "^1.0.0"
      }
    },
    "globals": {
      "version": "11.12.0",
      "resolved": "https://registry.npmjs.org/globals/-/globals-11.12.0.tgz",
      "integrity": "sha512-WOBp/EEGUiIsJSp7wcv/y6MO+lV9UoncWqxuFfm8eBwzWNgyfBd6Gz+IeKQ9jCmyhoH99g15M3T+QaVHFjizVA=="
    },
    "has": {
      "version": "1.0.3",
      "resolved": "https://registry.npmjs.org/has/-/has-1.0.3.tgz",
      "integrity": "sha512-f2dvO0VU6Oej7RkWJGrehjbzMAjFp5/VKPp5tTpWIV4JHHZK1/BxbFRtf/siA2SWTe09caDmVtYYzWEIbBS4zw==",
      "requires": {
        "function-bind": "^1.1.1"
      }
    },
    "has-flag": {
      "version": "4.0.0",
      "resolved": "https://registry.npmjs.org/has-flag/-/has-flag-4.0.0.tgz",
      "integrity": "sha512-EykJT/Q1KjTWctppgIAgfSO0tKVuZUjhgMr17kqTumMl6Afv3EISleU7qZUzoXDFTAHTDC4NOoG/ZxU3EvlMPQ=="
    },
    "inflight": {
      "version": "1.0.6",
      "resolved": "https://registry.npmjs.org/inflight/-/inflight-1.0.6.tgz",
      "integrity": "sha1-Sb1jMdfQLQwJvJEKEHW6gWW1bfk=",
      "requires": {
        "once": "^1.3.0",
        "wrappy": "1"
      }
    },
    "inherits": {
      "version": "2.0.4",
      "resolved": "https://registry.npmjs.org/inherits/-/inherits-2.0.4.tgz",
      "integrity": "sha512-k/vGaX4/Yla3WzyMCvTQOXYeIHvqOKtnqBduzTHpzpQZzAskKMhZ2K+EnBiSM9zGSoIFeMpXKxa4dYeZIQqewQ=="
    },
    "is-core-module": {
      "version": "2.2.0",
      "resolved": "https://registry.npmjs.org/is-core-module/-/is-core-module-2.2.0.tgz",
      "integrity": "sha512-XRAfAdyyY5F5cOXn7hYQDqh2Xmii+DEfIcQGxK/uNwMHhIkPWO0g8msXcbzLe+MpGoR951MlqM/2iIlU4vKDdQ==",
      "requires": {
        "has": "^1.0.3"
      }
    },
    "is-fullwidth-code-point": {
      "version": "3.0.0",
      "resolved": "https://registry.npmjs.org/is-fullwidth-code-point/-/is-fullwidth-code-point-3.0.0.tgz",
      "integrity": "sha512-zymm5+u+sCsSWyD9qNaejV3DFvhCKclKdizYaJUuHA83RLjb7nSuGnddCHGv0hk+KY7BMAlsWeK4Ueg6EV6XQg=="
    },
    "is-interactive": {
      "version": "1.0.0",
      "resolved": "https://registry.npmjs.org/is-interactive/-/is-interactive-1.0.0.tgz",
      "integrity": "sha512-2HvIEKRoqS62guEC+qBjpvRubdX910WCMuJTZ+I9yvqKU2/12eSL549HMwtabb4oupdj2sMP50k+XJfB/8JE6w=="
    },
    "js-tokens": {
      "version": "4.0.0",
      "resolved": "https://registry.npmjs.org/js-tokens/-/js-tokens-4.0.0.tgz",
      "integrity": "sha512-RdJUflcE3cUzKiMqQgsCu06FPu9UdIJO0beYbPhHN4k6apgJtifcoCtT9bcxOpYBtpD2kCM6Sbzg4CausW/PKQ=="
    },
    "jsesc": {
      "version": "2.5.2",
      "resolved": "https://registry.npmjs.org/jsesc/-/jsesc-2.5.2.tgz",
      "integrity": "sha512-OYu7XEzjkCQ3C5Ps3QIZsQfNpqoJyZZA99wd9aWd05NCtC5pWOkShK2mkL6HXQR6/Cy2lbNdPlZBpuQHXE63gA=="
    },
    "json-schema-traverse": {
      "version": "0.4.1",
      "resolved": "https://registry.npmjs.org/json-schema-traverse/-/json-schema-traverse-0.4.1.tgz",
      "integrity": "sha512-xbbCH5dCYU5T8LcEhhuh7HJ88HXuW3qsI3Y0zOZFKfZEHcpWiHU/Jxzk629Brsab/mMiHQti9wMP+845RPe3Vg=="
    },
    "json5": {
      "version": "2.1.3",
      "resolved": "https://registry.npmjs.org/json5/-/json5-2.1.3.tgz",
      "integrity": "sha512-KXPvOm8K9IJKFM0bmdn8QXh7udDh1g/giieX0NLCaMnb4hEiVFqnop2ImTXCc5e0/oHz3LTqmHGtExn5hfMkOA==",
      "requires": {
        "minimist": "^1.2.5"
      }
    },
    "lodash": {
      "version": "4.17.20",
      "resolved": "https://registry.npmjs.org/lodash/-/lodash-4.17.20.tgz",
      "integrity": "sha512-PlhdFcillOINfeV7Ni6oF1TAEayyZBoZ8bcshTHqOYJYlrqzRK5hagpagky5o4HfCzzd1TRkXPMFq6cKk9rGmA=="
    },
    "lodash-es": {
      "version": "4.17.20",
      "resolved": "https://registry.npmjs.org/lodash-es/-/lodash-es-4.17.20.tgz",
      "integrity": "sha512-JD1COMZsq8maT6mnuz1UMV0jvYD0E0aUsSOdrr1/nAG3dhqQXwRRgeW0cSqH1U43INKcqxaiVIQNOUDld7gRDA=="
    },
    "log-symbols": {
      "version": "3.0.0",
      "resolved": "https://registry.npmjs.org/log-symbols/-/log-symbols-3.0.0.tgz",
      "integrity": "sha512-dSkNGuI7iG3mfvDzUuYZyvk5dD9ocYCYzNU6CYDE6+Xqd+gwme6Z00NS3dUh8mq/73HaEtT7m6W+yUPtU6BZnQ==",
      "requires": {
        "chalk": "^2.4.2"
      },
      "dependencies": {
        "ansi-styles": {
          "version": "3.2.1",
          "resolved": "https://registry.npmjs.org/ansi-styles/-/ansi-styles-3.2.1.tgz",
          "integrity": "sha512-VT0ZI6kZRdTh8YyJw3SMbYm/u+NqfsAxEpWO0Pf9sq8/e94WxxOpPKx9FR1FlyCtOVDNOQ+8ntlqFxiRc+r5qA==",
          "requires": {
            "color-convert": "^1.9.0"
          }
        },
        "chalk": {
          "version": "2.4.2",
          "resolved": "https://registry.npmjs.org/chalk/-/chalk-2.4.2.tgz",
          "integrity": "sha512-Mti+f9lpJNcwF4tWV8/OrTTtF1gZi+f8FqlyAdouralcFWFQWF2+NgCHShjkCb+IFBLq9buZwE1xckQU4peSuQ==",
          "requires": {
            "ansi-styles": "^3.2.1",
            "escape-string-regexp": "^1.0.5",
            "supports-color": "^5.3.0"
          }
        },
        "color-convert": {
          "version": "1.9.3",
          "resolved": "https://registry.npmjs.org/color-convert/-/color-convert-1.9.3.tgz",
          "integrity": "sha512-QfAUtd+vFdAtFQcC8CCyYt1fYWxSqAiK2cSD6zDB8N3cpsEBAvRxp9zOGg6G/SHHJYAT88/az/IuDGALsNVbGg==",
          "requires": {
            "color-name": "1.1.3"
          }
        },
        "color-name": {
          "version": "1.1.3",
          "resolved": "https://registry.npmjs.org/color-name/-/color-name-1.1.3.tgz",
          "integrity": "sha1-p9BVi9icQveV3UIyj3QIMcpTvCU="
        },
        "has-flag": {
          "version": "3.0.0",
          "resolved": "https://registry.npmjs.org/has-flag/-/has-flag-3.0.0.tgz",
          "integrity": "sha1-tdRU3CGZriJWmfNGfloH87lVuv0="
        },
        "supports-color": {
          "version": "5.5.0",
          "resolved": "https://registry.npmjs.org/supports-color/-/supports-color-5.5.0.tgz",
          "integrity": "sha512-QjVjwdXIt408MIiAqCX4oUKsgU2EqAGzs2Ppkm4aQYbjm+ZEWEcW4SfFNTr4uMNZma0ey4f5lgLrkB0aX0QMow==",
          "requires": {
            "has-flag": "^3.0.0"
          }
        }
      }
    },
    "magic-string": {
      "version": "0.25.7",
      "resolved": "https://registry.npmjs.org/magic-string/-/magic-string-0.25.7.tgz",
      "integrity": "sha512-4CrMT5DOHTDk4HYDlzmwu4FVCcIYI8gauveasrdCu2IKIFOJ3f0v/8MDGJCDL9oD2ppz/Av1b0Nj345H9M+XIA==",
      "requires": {
        "sourcemap-codec": "^1.4.4"
      }
    },
    "md5-typescript": {
      "version": "1.0.5",
      "resolved": "https://registry.npmjs.org/md5-typescript/-/md5-typescript-1.0.5.tgz",
      "integrity": "sha1-aMCyTf+OXTFi5Jj6mJO2O+cuA48="
    },
    "mimic-fn": {
      "version": "2.1.0",
      "resolved": "https://registry.npmjs.org/mimic-fn/-/mimic-fn-2.1.0.tgz",
      "integrity": "sha512-OqbOk5oEQeAZ8WXWydlu9HJjz9WVdEIvamMCcXmuqUYjTknH/sqsWvhQ3vgwKFRR1HpjvNBKQ37nbJgYzGqGcg=="
    },
    "minimatch": {
      "version": "3.0.4",
      "resolved": "https://registry.npmjs.org/minimatch/-/minimatch-3.0.4.tgz",
      "integrity": "sha512-yJHVQEhyqPLUTgt9B83PXu6W3rx4MvvHvSUvToogpwoGDOUQ+yDrR0HRot+yOCdCO7u4hX3pWft6kWBBcqh0UA==",
      "requires": {
        "brace-expansion": "^1.1.7"
      }
    },
    "minimist": {
      "version": "1.2.5",
      "resolved": "https://registry.npmjs.org/minimist/-/minimist-1.2.5.tgz",
      "integrity": "sha512-FM9nNUYrRBAELZQT3xeZQ7fmMOBg6nWNmJKTcgsJeaLstP/UODVpGsr5OhXhhXg6f+qtJ8uiZ+PUxkDWcgIXLw=="
    },
    "mobx": {
      "version": "4.14.1",
      "resolved": "https://registry.npmjs.org/mobx/-/mobx-4.14.1.tgz",
      "integrity": "sha512-Oyg7Sr7r78b+QPYLufJyUmxTWcqeQ96S1nmtyur3QL8SeI6e0TqcKKcxbG+sVJLWANhHQkBW/mDmgG5DDC4fdw=="
    },
    "ms": {
      "version": "2.1.2",
      "resolved": "https://registry.npmjs.org/ms/-/ms-2.1.2.tgz",
      "integrity": "sha512-sGkPx+VjMtmA6MX27oA4FBFELFCZZ4S4XqeGOXCv68tT+jb3vk/RyaKWP0PTKyWtmLSM0b+adUTEvbs1PEaH2w=="
    },
    "mute-stream": {
      "version": "0.0.8",
      "resolved": "https://registry.npmjs.org/mute-stream/-/mute-stream-0.0.8.tgz",
      "integrity": "sha512-nnbWWOkoWyUsTjKrhgD0dcz22mdkSnpYqbEjIm2nhwhuxlSkpywJmBo8h0ZqJdkp73mb90SssHkN4rsRaBAfAA=="
    },
    "ng2-material-dropdown": {
      "version": "0.11.0",
      "resolved": "https://registry.npmjs.org/ng2-material-dropdown/-/ng2-material-dropdown-0.11.0.tgz",
      "integrity": "sha512-wptBo09qKecY0QPTProAThrc4A3ajJTcHE9LTpCG5XZZUhXLBzhnGK8OW33TN8A+K/jqcs7OB74ppYJiqs3nhQ==",
      "requires": {
        "tslib": "^1.9.0"
      }
    },
    "ngp-sort-pipe": {
      "version": "0.0.4",
      "resolved": "https://registry.npmjs.org/ngp-sort-pipe/-/ngp-sort-pipe-0.0.4.tgz",
      "integrity": "sha512-tqyxsjb1mKROKhQB7oIcKaDSamPaNNwQ7norqxnOLRNjMdvG0b+XofIAZQpa/cG+SN6lmdCjtzOvwhOjHzpHmA=="
    },
    "ngx-chips": {
      "version": "2.2.2",
      "resolved": "https://registry.npmjs.org/ngx-chips/-/ngx-chips-2.2.2.tgz",
      "integrity": "sha512-ZrkqiE4mtTo8cBA4+2C/OBeyPuvC6dgNPz7VflerbpTF8Qp6WwCGnZb4ApH+kcmBpSDSxHAE9lMYuYIrF+rFgA==",
      "requires": {
        "ng2-material-dropdown": ">=0.11.0",
        "tslib": "^1.10.0"
      }
    },
    "ngx-cookie-service": {
      "version": "3.1.3",
      "resolved": "https://registry.npmjs.org/ngx-cookie-service/-/ngx-cookie-service-3.1.3.tgz",
      "integrity": "sha512-7bKSmpoUzfz9y7KSw83UqNnFGXnssMu5hFHyXvKKeqMBnhMqrpX1caZwNjvPW/61q71fGEdS/ZLZKvEedn2Wug==",
      "requires": {
        "tslib": "^1.10.0"
      }
    },
    "ngx-order-pipe": {
      "version": "2.1.1",
      "resolved": "https://registry.npmjs.org/ngx-order-pipe/-/ngx-order-pipe-2.1.1.tgz",
      "integrity": "sha512-yBaG0uYWsXBlmAuCYvBedKxl3kRUSXNXsMrD0m2E4tBA8I9TJSomucp5SHFlyfMQK8V6pjRGdz17Sjb9YwLhSg==",
      "requires": {
        "tslib": "^2.0.0"
      },
      "dependencies": {
        "tslib": {
          "version": "2.1.0",
          "resolved": "https://registry.npmjs.org/tslib/-/tslib-2.1.0.tgz",
          "integrity": "sha512-hcVC3wYEziELGGmEEXue7D75zbwIIVUMWAVbHItGPx0ziyXxrOMQx4rQEVEV45Ut/1IotuEvwqPopzIOkDMf0A=="
        }
      }
    },
    "ngx-sortablejs": {
      "version": "3.1.4",
      "resolved": "https://registry.npmjs.org/ngx-sortablejs/-/ngx-sortablejs-3.1.4.tgz",
      "integrity": "sha512-jrEC4loWf01JxBcPiOHiyHbXwNrs4acIus1c9NVv7hiK574dywoqOnL5/OVQFnluqItWC7llqCUXfDr3Kmyqfg==",
      "requires": {
        "tslib": "^1.9.0"
      }
    },
    "ngx-tags-input": {
      "version": "2.0.1",
      "resolved": "https://registry.npmjs.org/ngx-tags-input/-/ngx-tags-input-2.0.1.tgz",
      "integrity": "sha512-anXNn894L6RbgYl0NzHt3dBOOKovY7A/kFkvWXYKkWuE9VSDMyHU4adhaMFX4IteeeRY8YyRIND5GPxWd3V0mQ==",
      "requires": {
        "tslib": "^1.9.0"
      }
    },
    "ngx-toastr": {
      "version": "13.2.0",
      "resolved": "https://registry.npmjs.org/ngx-toastr/-/ngx-toastr-13.2.0.tgz",
      "integrity": "sha512-XU+wACX5hxwOJ4BtPMAUExQmYbjfvH3C/R4vcC9QK/dX2Zw+2w9tS9m4W6TUFyR92xZ/tGLBtsqRdrDRn3fJCw==",
      "requires": {
        "tslib": "^2.0.0"
      },
      "dependencies": {
        "tslib": {
          "version": "2.1.0",
          "resolved": "https://registry.npmjs.org/tslib/-/tslib-2.1.0.tgz",
          "integrity": "sha512-hcVC3wYEziELGGmEEXue7D75zbwIIVUMWAVbHItGPx0ziyXxrOMQx4rQEVEV45Ut/1IotuEvwqPopzIOkDMf0A=="
        }
      }
    },
    "once": {
      "version": "1.4.0",
      "resolved": "https://registry.npmjs.org/once/-/once-1.4.0.tgz",
      "integrity": "sha1-WDsap3WWHUsROsF9nFC6753Xa9E=",
      "requires": {
        "wrappy": "1"
      }
    },
    "onetime": {
      "version": "5.1.2",
      "resolved": "https://registry.npmjs.org/onetime/-/onetime-5.1.2.tgz",
      "integrity": "sha512-kbpaSSGJTWdAY5KPVeMOKXSrPtr8C8C7wodJbcsd51jRnmD+GZu8Y0VoU6Dm5Z4vWr0Ig/1NKuWRKf7j5aaYSg==",
      "requires": {
        "mimic-fn": "^2.1.0"
      }
    },
    "ora": {
      "version": "4.0.3",
      "resolved": "https://registry.npmjs.org/ora/-/ora-4.0.3.tgz",
      "integrity": "sha512-fnDebVFyz309A73cqCipVL1fBZewq4vwgSHfxh43vVy31mbyoQ8sCH3Oeaog/owYOs/lLlGVPCISQonTneg6Pg==",
      "requires": {
        "chalk": "^3.0.0",
        "cli-cursor": "^3.1.0",
        "cli-spinners": "^2.2.0",
        "is-interactive": "^1.0.0",
        "log-symbols": "^3.0.0",
        "mute-stream": "0.0.8",
        "strip-ansi": "^6.0.0",
        "wcwidth": "^1.0.1"
      }
    },
    "path-is-absolute": {
      "version": "1.0.1",
      "resolved": "https://registry.npmjs.org/path-is-absolute/-/path-is-absolute-1.0.1.tgz",
      "integrity": "sha1-F0uSaHNVNP+8es5r9TpanhtcX18="
    },
    "path-parse": {
      "version": "1.0.6",
      "resolved": "https://registry.npmjs.org/path-parse/-/path-parse-1.0.6.tgz",
      "integrity": "sha512-GSmOT2EbHrINBf9SR7CDELwlJ8AENk3Qn7OikK4nFYAu3Ote2+JYNVvkpAEQm3/TLNEJFD/xZJjzyxg3KBWOzw=="
    },
    "punycode": {
      "version": "2.1.1",
      "resolved": "https://registry.npmjs.org/punycode/-/punycode-2.1.1.tgz",
      "integrity": "sha512-XRsRjdf+j5ml+y/6GKHPZbrF/8p2Yga0JPtdqTIY2Xe5ohJPD9saDJJLPvp9+NSBprVvevdXZybnj2cv8OEd0A=="
    },
    "require-directory": {
      "version": "2.1.1",
      "resolved": "https://registry.npmjs.org/require-directory/-/require-directory-2.1.1.tgz",
      "integrity": "sha1-jGStX9MNqxyXbiNE/+f3kqam30I="
    },
    "resolve": {
      "version": "1.19.0",
      "resolved": "https://registry.npmjs.org/resolve/-/resolve-1.19.0.tgz",
      "integrity": "sha512-rArEXAgsBG4UgRGcynxWIWKFvh/XZCcS8UJdHhwy91zwAvCZIbcs+vAbflgBnNjYMs/i/i+/Ux6IZhML1yPvxg==",
      "requires": {
        "is-core-module": "^2.1.0",
        "path-parse": "^1.0.6"
      }
    },
    "restore-cursor": {
      "version": "3.1.0",
      "resolved": "https://registry.npmjs.org/restore-cursor/-/restore-cursor-3.1.0.tgz",
      "integrity": "sha512-l+sSefzHpj5qimhFSE5a8nufZYAM3sBSVMAPtYkmC+4EH2anSGaEMXSD0izRQbu9nfyQ9y5JrVmp7E8oZrUjvA==",
      "requires": {
        "onetime": "^5.1.0",
        "signal-exit": "^3.0.2"
      }
    },
    "rxjs": {
      "version": "6.5.5",
      "resolved": "https://registry.npmjs.org/rxjs/-/rxjs-6.5.5.tgz",
      "integrity": "sha512-WfQI+1gohdf0Dai/Bbmk5L5ItH5tYqm3ki2c5GdWhKjalzjg93N3avFjVStyZZz+A2Em+ZxKH5bNghw9UeylGQ==",
      "requires": {
        "tslib": "^1.9.0"
      }
    },
    "safe-buffer": {
      "version": "5.1.2",
      "resolved": "https://registry.npmjs.org/safe-buffer/-/safe-buffer-5.1.2.tgz",
      "integrity": "sha512-Gd2UZBJDkXlY7GbJxfsE8/nvKkUEU1G38c1siN6QP6a9PT9MmHB8GnpscSmMJSoF8LOIrt8ud/wPtojys4G6+g=="
    },
    "semver": {
      "version": "5.7.1",
      "resolved": "https://registry.npmjs.org/semver/-/semver-5.7.1.tgz",
      "integrity": "sha512-sauaDf/PZdVgrLTNYHRtpXa1iRiKcaebiKQ1BJdpQlWH2lCvexQdX55snPFyK7QzpudqbCI0qXFfOasHdyNDGQ=="
    },
    "signal-exit": {
      "version": "3.0.3",
      "resolved": "https://registry.npmjs.org/signal-exit/-/signal-exit-3.0.3.tgz",
      "integrity": "sha512-VUJ49FC8U1OxwZLxIbTTrDvLnf/6TDgxZcK8wxR8zs13xpx7xbG60ndBlhNrFi2EMuFRoeDoJO7wthSLq42EjA=="
    },
    "sortablejs": {
      "version": "1.13.0",
      "resolved": "https://registry.npmjs.org/sortablejs/-/sortablejs-1.13.0.tgz",
      "integrity": "sha512-RBJirPY0spWCrU5yCmWM1eFs/XgX2J5c6b275/YyxFRgnzPhKl/TDeU2hNR8Dt7ITq66NRPM4UlOt+e5O4CFHg=="
    },
    "source-map": {
      "version": "0.7.3",
      "resolved": "https://registry.npmjs.org/source-map/-/source-map-0.7.3.tgz",
      "integrity": "sha512-CkCj6giN3S+n9qrYiBTX5gystlENnRW5jZeNLHpe6aue+SrHcG5VYwujhW9s4dY31mEGsxBDrHR6oI69fTXsaQ=="
    },
    "sourcemap-codec": {
      "version": "1.4.8",
      "resolved": "https://registry.npmjs.org/sourcemap-codec/-/sourcemap-codec-1.4.8.tgz",
      "integrity": "sha512-9NykojV5Uih4lgo5So5dtw+f0JgJX30KCNI8gwhz2J9A15wD0Ml6tjHKwf6fTSa6fAdVBdZeNOs9eJ71qCk8vA=="
    },
    "string-width": {
      "version": "4.2.0",
      "resolved": "https://registry.npmjs.org/string-width/-/string-width-4.2.0.tgz",
      "integrity": "sha512-zUz5JD+tgqtuDjMhwIg5uFVV3dtqZ9yQJlZVfq4I01/K5Paj5UHj7VyrQOJvzawSVlKpObApbfD0Ed6yJc+1eg==",
      "requires": {
        "emoji-regex": "^8.0.0",
        "is-fullwidth-code-point": "^3.0.0",
        "strip-ansi": "^6.0.0"
      }
    },
    "strip-ansi": {
      "version": "6.0.0",
      "resolved": "https://registry.npmjs.org/strip-ansi/-/strip-ansi-6.0.0.tgz",
      "integrity": "sha512-AuvKTrTfQNYNIctbR1K/YGTR1756GycPsg7b9bdV9Duqur4gv6aKqHXah67Z8ImS7WEz5QVcOtlfW2rZEugt6w==",
      "requires": {
        "ansi-regex": "^5.0.0"
      }
    },
    "supports-color": {
      "version": "7.2.0",
      "resolved": "https://registry.npmjs.org/supports-color/-/supports-color-7.2.0.tgz",
      "integrity": "sha512-qpCAvRl9stuOHveKsn7HncJRvv501qIacKzQlO/+Lwxc9+0q2wLyv4Dfvt80/DPn2pqOBsJdDiogXGR9+OvwRw==",
      "requires": {
        "has-flag": "^4.0.0"
      }
    },
    "tabulator-tables": {
      "version": "4.9.3",
      "resolved": "https://registry.npmjs.org/tabulator-tables/-/tabulator-tables-4.9.3.tgz",
      "integrity": "sha512-iwwQqAEGGxlgrBpcmJJvMJrfjGLcCXOB3AOb/DGkXqBy1YKoYA36hIl7qXGp6Jo8dSkzFAlDT6pKLZgyhs9OnQ=="
    },
    "to-fast-properties": {
      "version": "2.0.0",
      "resolved": "https://registry.npmjs.org/to-fast-properties/-/to-fast-properties-2.0.0.tgz",
      "integrity": "sha1-3F5pjL0HkmW8c+A3doGk5Og/YW4="
    },
    "tslib": {
      "version": "1.14.1",
      "resolved": "https://registry.npmjs.org/tslib/-/tslib-1.14.1.tgz",
      "integrity": "sha512-Xni35NKzjgMrwevysHTCArtLDpPvye8zV/0E4EyYn43P7/7qvQwPh9BGkHewbMulVntbigmcT7rdX3BNo9wRJg=="
    },
    "underscore": {
      "version": "1.12.0",
      "resolved": "https://registry.npmjs.org/underscore/-/underscore-1.12.0.tgz",
      "integrity": "sha512-21rQzss/XPMjolTiIezSu3JAjgagXKROtNrYFEOWK109qY1Uv2tVjPTZ1ci2HgvQDA16gHYSthQIJfB+XId/rQ=="
    },
    "uri-js": {
      "version": "4.4.1",
      "resolved": "https://registry.npmjs.org/uri-js/-/uri-js-4.4.1.tgz",
      "integrity": "sha512-7rKUyy33Q1yc98pQ1DAmLtwX109F7TIfWlW1Ydo8Wl1ii1SeHieeh0HHfPeL2fMXK6z0s8ecKs9frCuLJvndBg==",
      "requires": {
        "punycode": "^2.1.0"
      }
    },
    "wcwidth": {
      "version": "1.0.1",
      "resolved": "https://registry.npmjs.org/wcwidth/-/wcwidth-1.0.1.tgz",
      "integrity": "sha1-8LDc+RW8X/FSivrbLA4XtTLaL+g=",
      "requires": {
        "defaults": "^1.0.3"
      }
    },
    "wrap-ansi": {
      "version": "7.0.0",
      "resolved": "https://registry.npmjs.org/wrap-ansi/-/wrap-ansi-7.0.0.tgz",
      "integrity": "sha512-YVGIj2kamLSTxw6NsZjoBxfSwsn0ycdesmc4p+Q21c5zPuZ1pl+NfxVdxPtdHvmNVOQ6XSYG4AUtyt/Fi7D16Q==",
      "requires": {
        "ansi-styles": "^4.0.0",
        "string-width": "^4.1.0",
        "strip-ansi": "^6.0.0"
      }
    },
    "wrappy": {
      "version": "1.0.2",
      "resolved": "https://registry.npmjs.org/wrappy/-/wrappy-1.0.2.tgz",
      "integrity": "sha1-tSQ9jz7BqjXxNkYFvA0QNuMKtp8="
    },
    "y18n": {
      "version": "5.0.5",
      "resolved": "https://registry.npmjs.org/y18n/-/y18n-5.0.5.tgz",
      "integrity": "sha512-hsRUr4FFrvhhRH12wOdfs38Gy7k2FFzB9qgN9v3aLykRq0dRcdcpz5C9FxdS2NuhOrI/628b/KSTJ3rwHysYSg=="
    },
    "yargs": {
      "version": "16.2.0",
      "resolved": "https://registry.npmjs.org/yargs/-/yargs-16.2.0.tgz",
      "integrity": "sha512-D1mvvtDG0L5ft/jGWkLpG1+m0eQxOfaBvTNELraWj22wSVUMWxZUvYgJYcKh6jGGIkJFhH4IZPQhR4TKpc8mBw==",
      "requires": {
        "cliui": "^7.0.2",
        "escalade": "^3.1.1",
        "get-caller-file": "^2.0.5",
        "require-directory": "^2.1.1",
        "string-width": "^4.2.0",
        "y18n": "^5.0.5",
        "yargs-parser": "^20.2.2"
      }
    },
    "yargs-parser": {
      "version": "20.2.4",
      "resolved": "https://registry.npmjs.org/yargs-parser/-/yargs-parser-20.2.4.tgz",
      "integrity": "sha512-WOkpgNhPTlE73h4VFAFsOnomJVaovO8VqLDzy5saChRBFQFBoMYirowyW+Q9HB4HFF4Z7VZTiG3iSzJJA29yRA=="
    },
    "zone.js": {
      "version": "0.10.3",
      "resolved": "https://registry.npmjs.org/zone.js/-/zone.js-0.10.3.tgz",
      "integrity": "sha512-LXVLVEq0NNOqK/fLJo3d0kfzd4sxwn2/h67/02pjCjfKDxgx1i9QqpvtHD8CrBnSSwMw5+dy11O7FRX5mkO7Cg=="
    }
  }
}
